
Microsoft Visual Studio Solution File, Format Version 12.00
# Visual Studio 15
VisualStudioVersion = 15.0.28307.539
MinimumVisualStudioVersion = 10.0.40219.1
Project("{FAE04EC0-301F-11D3-BF4B-00C04F79EFBC}") = "Plugins", "Plugins\Plugins.csproj", "{A5E425F1-292C-4EDC-961A-2B92766BF0FE}"
EndProject
Project("{FAE04EC0-301F-11D3-BF4B-00C04F79EFBC}") = "WebResources", "..\WebResources\WebResources.csproj", "{34C8E552-A79E-4B37-9F9A-978EEF199953}"
EndProject
Global
	GlobalSection(SolutionConfigurationPlatforms) = preSolution
		Debug|Any CPU = Debug|Any CPU
		Release|Any CPU = Release|Any CPU
	EndGlobalSection
	GlobalSection(ProjectConfigurationPlatforms) = postSolution
		{A5E425F1-292C-4EDC-961A-2B92766BF0FE}.Debug|Any CPU.ActiveCfg = Debug|Any CPU
		{A5E425F1-292C-4EDC-961A-2B92766BF0FE}.Debug|Any CPU.Build.0 = Debug|Any CPU
		{A5E425F1-292C-4EDC-961A-2B92766BF0FE}.Release|Any CPU.ActiveCfg = Release|Any CPU
		{A5E425F1-292C-4EDC-961A-2B92766BF0FE}.Release|Any CPU.Build.0 = Release|Any CPU
		{34C8E552-A79E-4B37-9F9A-978EEF199953}.Debug|Any CPU.ActiveCfg = Debug|Any CPU
		{34C8E552-A79E-4B37-9F9A-978EEF199953}.Debug|Any CPU.Build.0 = Debug|Any CPU
		{34C8E552-A79E-4B37-9F9A-978EEF199953}.Release|Any CPU.ActiveCfg = Release|Any CPU
		{34C8E552-A79E-4B37-9F9A-978EEF199953}.Release|Any CPU.Build.0 = Release|Any CPU
	EndGlobalSection
	GlobalSection(SolutionProperties) = preSolution
		HideSolutionNode = FALSE
	EndGlobalSection
	GlobalSection(ExtensibilityGlobals) = postSolution
		SolutionGuid = {BBC755F0-B021-4E25-B482-1754C5092130}
	EndGlobalSection
EndGlobal
